# THIS IS AN AUTOGENERATED FILE. DO NOT EDIT THIS FILE DIRECTLY.
# yarn lockfile v1


"@fortawesome/fontawesome-common-types@^0.1.5":
  version "0.1.5"
  resolved "https://npm.fontawesome.com/C174E87F-6951-4A17-B2D5-E8851F37F956/@fortawesome/fontawesome-common-types/-/fontawesome-common-types-0.1.5.tgz#d44485071f94ffac7f66ff6117b290eb7c908d58"

"@fortawesome/fontawesome-free-brands@^5.0.3":
  version "5.0.11"
  resolved "https://npm.fontawesome.com/C174E87F-6951-4A17-B2D5-E8851F37F956/@fortawesome/fontawesome-free-brands/-/fontawesome-free-brands-5.0.11.tgz#1e2eda34f2c6208facabe44a90a49972b37307e9"
  dependencies:
    "@fortawesome/fontawesome-common-types" "^0.1.5"

"@fortawesome/fontawesome-pro-solid@^5.0.3":
  version "5.0.11"
  resolved "https://npm.fontawesome.com/C174E87F-6951-4A17-B2D5-E8851F37F956/@fortawesome/fontawesome-pro-solid/-/fontawesome-pro-solid-5.0.11.tgz#672579eacc44458191934d3051cabf1eca9f6bac"
  dependencies:
    "@fortawesome/fontawesome-common-types" "^0.1.5"

"@fortawesome/fontawesome@^1.1.1":
  version "1.1.6"
  resolved "https://npm.fontawesome.com/C174E87F-6951-4A17-B2D5-E8851F37F956/@fortawesome/fontawesome/-/fontawesome-1.1.6.tgz#edee6108aa3485c6f0fb3a16e6a222086b2abb42"
  dependencies:
    "@fortawesome/fontawesome-common-types" "^0.1.5"

bootstrap@^4.0.0, bootstrap@^4.1.1:
  version "4.1.1"
  resolved "https://registry.yarnpkg.com/bootstrap/-/bootstrap-4.1.1.tgz#3aec85000fa619085da8d2e4983dfd67cf2114cb"

bootswatch@^4.0.0:
  version "4.1.1"
  resolved "https://registry.yarnpkg.com/bootswatch/-/bootswatch-4.1.1.tgz#eb4e053c469d4dc8cdaff11ff4ddbef63e86a56d"
  dependencies:
    bootstrap "^4.1.1"

jquery-ujs@^1.2.2:
  version "1.2.2"
  resolved "https://registry.yarnpkg.com/jquery-ujs/-/jquery-ujs-1.2.2.tgz#6a8ef1020e6b6dda385b90a4bddc128c21c56397"
  dependencies:
    jquery ">=1.8.0"

jquery@>=1.2.3, jquery@>=1.8.0:
  version "3.3.1"
  resolved "https://registry.yarnpkg.com/jquery/-/jquery-3.3.1.tgz#958ce29e81c9790f31be7792df5d4d95fc57fbca"

timeago@^1.6.1:
  version "1.6.3"
  resolved "https://registry.yarnpkg.com/timeago/-/timeago-1.6.3.tgz#162a1adae99356297df59339837d09f1b0f36465"
  dependencies:
    jquery ">=1.2.3"
