# THIS IS AN AUTOGENERATED FILE. DO NOT EDIT THIS FILE DIRECTLY.
# yarn lockfile v1


"@fortawesome/fontawesome-common-types@^0.1.3":
  version "0.1.3"
  resolved "https://npm.fontawesome.com/C174E87F-6951-4A17-B2D5-E8851F37F956/@fortawesome/fontawesome-common-types/-/fontawesome-common-types-0.1.3.tgz#8475e0f2d1ad1f858c4ec2e76ed9a2456a09ad83"

"@fortawesome/fontawesome-free-brands@^5.0.3":
  version "5.0.9"
  resolved "https://npm.fontawesome.com/C174E87F-6951-4A17-B2D5-E8851F37F956/@fortawesome/fontawesome-free-brands/-/fontawesome-free-brands-5.0.9.tgz#6023e29636a6d97a67a36b7e3f4af20f3d1526b0"
  dependencies:
    "@fortawesome/fontawesome-common-types" "^0.1.3"

"@fortawesome/fontawesome-pro-solid@^5.0.3":
  version "5.0.9"
  resolved "https://npm.fontawesome.com/C174E87F-6951-4A17-B2D5-E8851F37F956/@fortawesome/fontawesome-pro-solid/-/fontawesome-pro-solid-5.0.9.tgz#5a4f2a7def2afe9b61b3c8067d39d528908f3a1c"
  dependencies:
    "@fortawesome/fontawesome-common-types" "^0.1.3"

"@fortawesome/fontawesome@^1.1.1":
  version "1.1.5"
  resolved "https://npm.fontawesome.com/C174E87F-6951-4A17-B2D5-E8851F37F956/@fortawesome/fontawesome/-/fontawesome-1.1.5.tgz#c7cfafdd3364245626293cc670357f9fb8487170"
  dependencies:
    "@fortawesome/fontawesome-common-types" "^0.1.3"

bootstrap@^4.0.0:
  version "4.0.0"
  resolved "https://registry.yarnpkg.com/bootstrap/-/bootstrap-4.0.0.tgz#ceb03842c145fcc1b9b4e15da2a05656ba68469a"

bootswatch@^4.0.0:
  version "4.0.0"
  resolved "https://registry.yarnpkg.com/bootswatch/-/bootswatch-4.0.0.tgz#dfcab028c03c09a58888d37d7ce9f6c8c33498cc"
  dependencies:
    bootstrap "^4.0.0"
    jquery ">=1.9.1"
    popper.js "^1.12.9"

jquery-ujs@^1.2.2:
  version "1.2.2"
  resolved "https://registry.yarnpkg.com/jquery-ujs/-/jquery-ujs-1.2.2.tgz#6a8ef1020e6b6dda385b90a4bddc128c21c56397"
  dependencies:
    jquery ">=1.8.0"

jquery@>=1.2.3, jquery@>=1.8.0, jquery@>=1.9.1:
  version "3.3.1"
  resolved "https://registry.yarnpkg.com/jquery/-/jquery-3.3.1.tgz#958ce29e81c9790f31be7792df5d4d95fc57fbca"

popper.js@^1.12.9:
  version "1.14.1"
  resolved "https://registry.yarnpkg.com/popper.js/-/popper.js-1.14.1.tgz#b8815e5cda6f62fc2042e47618649f75866e6753"

timeago@^1.6.1:
  version "1.6.3"
  resolved "https://registry.yarnpkg.com/timeago/-/timeago-1.6.3.tgz#162a1adae99356297df59339837d09f1b0f36465"
  dependencies:
    jquery ">=1.2.3"
