# THIS IS AN AUTOGENERATED FILE. DO NOT EDIT THIS FILE DIRECTLY.
# yarn lockfile v1


bootstrap@^4.3.1:
  version "4.3.1"
  resolved "https://registry.yarnpkg.com/bootstrap/-/bootstrap-4.3.1.tgz#280ca8f610504d99d7b6b4bfc4b68cec601704ac"
  integrity sha512-rXqOmH1VilAt2DyPzluTi2blhk17bO7ef+zLLPlWvG494pDxcM234pJ8wTc/6R40UWizAIIMgxjvxZg5kmsbag==

bootswatch@^4.2.1:
  version "4.2.1"
  resolved "https://registry.yarnpkg.com/bootswatch/-/bootswatch-4.2.1.tgz#be402aeb8f9920c008c62f8a77c29a91a11b4c8a"
  integrity sha512-2UV3a/3sleGVsOa8q3t5O4+u+ONfQvscMTKwqMVd0tkcypGhiLeE3W461qJ4uZzo6AzCSuYBTzGmOSdel0g9/A==

jquery-ujs@^1.2.2:
  version "1.2.2"
  resolved "https://registry.yarnpkg.com/jquery-ujs/-/jquery-ujs-1.2.2.tgz#6a8ef1020e6b6dda385b90a4bddc128c21c56397"
  integrity sha1-ao7xAg5rbdo4W5CkvdwSjCHFY5c=
  dependencies:
    jquery ">=1.8.0"

jquery@>=1.2.3, jquery@>=1.8.0:
  version "3.3.1"
  resolved "https://registry.yarnpkg.com/jquery/-/jquery-3.3.1.tgz#958ce29e81c9790f31be7792df5d4d95fc57fbca"
  integrity sha512-Ubldcmxp5np52/ENotGxlLe6aGMvmF4R8S6tZjsP6Knsaxd/xp3Zrh50cG93lR6nPXyUFwzN3ZSOQI0wRJNdGg==

timeago@^1.6.4:
  version "1.6.4"
  resolved "https://registry.yarnpkg.com/timeago/-/timeago-1.6.4.tgz#e29d1f3ff784a22d4b4f53dccf2366c83b1f1970"
  integrity sha512-GkS9lO3BtSY2kZTQTnHJ75ancn/IFpzZfY0GPmVlPVdops8gnU9aYerxyV/xnmyR4if2eM3cv2B2PlLqL48BRw==
  dependencies:
    jquery ">=1.2.3"
